schema: '2.0'
stages:
  load_data:
    cmd: python src/load_data.py --config=params.yaml
    deps:
    - path: data_given/Metro_Interstate_Traffic_Volume.csv
      md5: 95ae1a2d3ba7e62255bf267adbee6571
      size: 3237208
    - path: src/get_data_from_database.py
      md5: 061941b287a050137dce5e90311112c0
      size: 2958
    - path: src/load_data.py
      md5: 0d0e66169e86c98b702f5f43846ca9ee
      size: 869
    outs:
    - path: data/raw/traffic_data.csv
      md5: 95ae1a2d3ba7e62255bf267adbee6571
      size: 3237208
  validate_data:
    cmd: python src/validate_data.py --config=params.yaml
    deps:
    - path: data/raw/traffic_data.csv
      md5: 95ae1a2d3ba7e62255bf267adbee6571
      size: 3237208
    - path: src/validate_data.py
      md5: de5e2647935e5e2818237654e2500389
      size: 2923
  prepare_data:
    cmd: python src/prepare_data.py --config=params.yaml
    deps:
    - path: data/raw/traffic_data.csv
      md5: 95ae1a2d3ba7e62255bf267adbee6571
      size: 3237208
    - path: src/prepare_data.py
      md5: ffab7ca89545f0f09572b4685eef9863
      size: 3666
    outs:
    - path: data/prepared/cleaned_traffic_data.csv
      md5: 95785976eb32d2684855d189562453cb
      size: 3429801
    - path: data/prepared/model_traffic_data.csv
      md5: 00328e7e4edcd13e9254fe4d08fb7d6f
      size: 1535026
